
Microsoft Visual Studio Solution File, Format Version 11.00
# Visual Studio 2010
Project("{FAE04EC0-301F-11D3-BF4B-00C04F79EFBC}") = "Probeklausur ACL", "WindowsFormsApplication1\Probeklausur ACL.csproj", "{C05962E2-284D-46BF-8A70-8CC303899349}"
EndProject
Global
	GlobalSection(SolutionConfigurationPlatforms) = preSolution
		Debug|x86 = Debug|x86
		Release|x86 = Release|x86
	EndGlobalSection
	GlobalSection(ProjectConfigurationPlatforms) = postSolution
		{C05962E2-284D-46BF-8A70-8CC303899349}.Debug|x86.ActiveCfg = Debug|x86
		{C05962E2-284D-46BF-8A70-8CC303899349}.Debug|x86.Build.0 = Debug|x86
		{C05962E2-284D-46BF-8A70-8CC303899349}.Release|x86.ActiveCfg = Release|x86
		{C05962E2-284D-46BF-8A70-8CC303899349}.Release|x86.Build.0 = Release|x86
	EndGlobalSection
	GlobalSection(SolutionProperties) = preSolution
		HideSolutionNode = FALSE
	EndGlobalSection
EndGlobal
